{
    "_meta": {
        "hash": {
            "sha256": "30380afe6b93ef75ea6ae0a29492b00ee8934a9bb7d52e8fcff0d1632e71af63"
        },
        "pipfile-spec": 6,
        "requires": {},
        "sources": [
            {
                "name": "pypi",
                "url": "https://pypi.org/simple",
                "verify_ssl": true
            }
        ]
    },
    "default": {
        "babelfish": {
            "hashes": [
                "sha256:8380879fa51164ac54a3e393f83c4551a275f03617f54a99d70151358e444104"
            ],
            "version": "==0.5.5"
        },
        "certifi": {
            "hashes": [
                "sha256:339dc09518b07e2fa7eda5450740925974815557727d6bd35d319c1524a04a4c",
                "sha256:6d58c986d22b038c8c0df30d639f23a3e6d172a05c3583e766f4c0b785c0986a"
            ],
            "version": "==2018.10.15"
        },
        "chardet": {
            "hashes": [
                "sha256:84ab92ed1c4d4f16916e05906b6b75a6c0fb5db821cc65e70cbd64a3e2a5eaae",
                "sha256:fc323ffcaeaed0e0a02bf4d117757b98aed530d9ed4531e3e15460124c106691"
            ],
            "version": "==3.0.4"
        },
        "guessit": {
            "hashes": [
                "sha256:590cfaac6adbc65a0297f7b2a44c2accf2cc660eeed6283b43cbad30e65806e0"
            ],
            "index": "pypi",
            "version": "==3.0.3"
        },
        "idna": {
            "hashes": [
                "sha256:156a6814fb5ac1fc6850fb002e0852d56c0c8d2531923a51032d1b70760e186e",
                "sha256:684a38a6f903c1d71d6d5fac066b58d7768af4de2b832e426ec79c30daa94a16"
            ],
            "version": "==2.7"
        },
        "pypiwin32": {
            "hashes": [
                "sha256:67adf399debc1d5d14dffc1ab5acacb800da569754fafdc576b2a039485aa775",
                "sha256:71be40c1fbd28594214ecaecb58e7aa8b708eabfa0125c8a109ebd51edbd776a"
            ],
            "index": "pypi",
            "markers": "sys_platform == 'win32'",
            "version": "==223"
        },
        "python-dateutil": {
            "hashes": [
                "sha256:063df5763652e21de43de7d9e00ccf239f953a832941e37be541614732cdfc93",
                "sha256:88f9287c0174266bb0d8cedd395cfba9c58e87e5ad86b2ce58859bc11be3cf02"
            ],
            "version": "==2.7.5"
        },
        "pytoml": {
            "hashes": [
                "sha256:ca2d0cb127c938b8b76a9a0d0f855cf930c1d50cc3a0af6d3595b566519a1013"
            ],
            "index": "pypi",
            "version": "==0.1.20"
        },
        "pywin32": {
            "hashes": [
                "sha256:22e218832a54ed206452c8f3ca9eff07ef327f8e597569a4c2828be5eaa09a77",
                "sha256:32b37abafbfeddb0fe718008d6aada5a71efa2874f068bee1f9e703983dcc49a",
                "sha256:35451edb44162d2f603b5b18bd427bc88fcbc74849eaa7a7e7cfe0f507e5c0c8",
                "sha256:4eda2e1e50faa706ff8226195b84fbcbd542b08c842a9b15e303589f85bfb41c",
                "sha256:5f265d72588806e134c8e1ede8561739071626ea4cc25c12d526aa7b82416ae5",
                "sha256:6852ceac5fdd7a146b570655c37d9eacd520ed1eaeec051ff41c6fc94243d8bf",
                "sha256:6dbc4219fe45ece6a0cc6baafe0105604fdee551b5e876dc475d3955b77190ec",
                "sha256:9bd07746ce7f2198021a9fa187fa80df7b221ec5e4c234ab6f00ea355a3baf99"
            ],
            "version": "==224"
        },
        "rebulk": {
            "hashes": [
                "sha256:1d49e4f7ef6fb874e60efccacbbe661092fabdb7770cdf7f7de4516d50535998"
            ],
            "version": "==1.0.0"
        },
        "requests": {
            "hashes": [
                "sha256:99dcfdaaeb17caf6e526f32b6a7b780461512ab3f1d992187801694cba42770c",
                "sha256:a84b8c9ab6239b578f22d1c21d51b696dcfe004032bb80ea832398d6909d7279"
            ],
            "index": "pypi",
            "version": "==2.20.0"
        },
        "six": {
            "hashes": [
                "sha256:70e8a77beed4562e7f14fe23a786b54f6296e34344c23bc42f07b15018ff98e9",
                "sha256:832dc0e10feb1aa2c68dcc57dbb658f1c7e65b9b61af69048abc87a2db00a0eb"
            ],
            "version": "==1.11.0"
        },
        "urllib3": {
            "hashes": [
                "sha256:41c3db2fc01e5b907288010dec72f9d0a74e37d6994e6eb56849f59fea2265ae",
                "sha256:8819bba37a02d143296a4d032373c4dd4aca11f6d4c9973335ca75f9c8475f59"
            ],
            "version": "==1.24"
        }
    },
    "develop": {}
}
