{
    "_meta": {
        "hash": {
            "sha256": "9b7b722069294eb506cb1b78811e6afead4a66260fff53490de8b04d11dc303a"
        },
        "pipfile-spec": 6,
        "requires": {},
        "sources": [
            {
                "name": "pypi",
                "url": "https://pypi.org/simple",
                "verify_ssl": true
            }
        ]
    },
    "default": {
        "babelfish": {
            "hashes": [
                "sha256:8380879fa51164ac54a3e393f83c4551a275f03617f54a99d70151358e444104"
            ],
            "version": "==0.5.5"
        },
        "certifi": {
            "hashes": [
                "sha256:e4f3620cfea4f83eedc95b24abd9cd56f3c4b146dd0177e83a21b4eb49e21e50",
                "sha256:fd7c7c74727ddcf00e9acd26bba8da604ffec95bf1c2144e67aff7a8b50e6cef"
            ],
            "version": "==2019.9.11"
        },
        "chardet": {
            "hashes": [
                "sha256:84ab92ed1c4d4f16916e05906b6b75a6c0fb5db821cc65e70cbd64a3e2a5eaae",
                "sha256:fc323ffcaeaed0e0a02bf4d117757b98aed530d9ed4531e3e15460124c106691"
            ],
            "version": "==3.0.4"
        },
        "dbus-python": {
            "hashes": [
                "sha256:cdd4de2c4f5e58f287b12013ed7b41dee81d503c8d0d2397c5bd2fb01badf260"
            ],
            "index": "pypi",
            "markers": "sys_platform == 'linux'",
            "version": "==1.2.12"
        },
        "guessit": {
            "hashes": [
                "sha256:2dcd3f2acaf6c1a864f903f084ddd6a6b753f3107ae864355d7c8c1e9cb205b2"
            ],
            "index": "pypi",
            "version": "==3.1.0"
        },
        "idna": {
            "hashes": [
                "sha256:c357b3f628cf53ae2c4c05627ecc484553142ca23264e593d327bcde5e9c3407",
                "sha256:ea8b7f6188e6fa117537c3df7da9fc686d485087abf6ac197f9c46432f7e4a3c"
            ],
            "version": "==2.8"
        },
        "notify2": {
            "hashes": [
                "sha256:33fa108d50c42f3cd3407cc437518ad3f6225d1bb237011f16393c9dd3ce197d",
                "sha256:d7e27e63c2120c074225e526754101e22f029e38e5f002b1ceaa965258bf1073"
            ],
            "index": "pypi",
            "markers": "sys_platform != 'win32'",
            "version": "==0.3.1"
        },
        "pypiwin32": {
            "hashes": [
                "sha256:67adf399debc1d5d14dffc1ab5acacb800da569754fafdc576b2a039485aa775",
                "sha256:71be40c1fbd28594214ecaecb58e7aa8b708eabfa0125c8a109ebd51edbd776a"
            ],
            "version": "==223"
        },
        "python-dateutil": {
            "hashes": [
                "sha256:7e6584c74aeed623791615e26efd690f29817a27c73085b78e4bad02493df2fb",
                "sha256:c89805f6f4d64db21ed966fda138f8a5ed7a4fdbc1a8ee329ce1b74e3c74da9e"
            ],
            "version": "==2.8.0"
        },
        "pywin32": {
            "hashes": [
                "sha256:0443e9bb196e72480f50cbddc2cf98fbb858a77d02e281ba79489ea3287b36e9",
                "sha256:09bbe7cdb29eb40ab2e83f7a232eeeedde864be7a0622b70a90f456aad07a234",
                "sha256:0d8e0f47808798d320c983574c36c49db642678902933a210edd40157d206fd0",
                "sha256:0db7c9f4b93528afd080d35912a60be2f86a1d6c49c0a9cf9cedd106eed81ea3",
                "sha256:749e590875051661ecefbd9dfa957a485016de0f25e43f5e70f888ef1e29587b",
                "sha256:779d3e9d4b934f2445d2920c3941416d99af72eb7f7fd57a63576cc8aa540ad6",
                "sha256:7c89d2c11a31c7aaa16dc4d25054d7e0e99d6f6b24193cf62c83850484658c87",
                "sha256:81f7732b662c46274d7d8c411c905d53e71999cba95457a0686467c3ebc745ca",
                "sha256:9db1fb8830bfa99c5bfd335d4482c14db5c6f5028db3b006787ef4200206242b",
                "sha256:bd8d04835db28646d9e07fd0ab7c7b18bd90e89dfdc559e60389179495ef30da",
                "sha256:fc6822a68afd79e97b015985dd455767c72009b81bcd18957068626c43f11e75",
                "sha256:fe6cfc2045931866417740b575231c7e12d69d481643be1493487ad53b089959"
            ],
            "index": "pypi",
            "markers": "sys_platform == 'win32'",
            "version": "==225"
        },
        "rebulk": {
            "hashes": [
                "sha256:1b0d526859ef3e8647f37c606d7ae7c32259e370b3f1519e4219a3ba72740aec"
            ],
            "version": "==2.0.0"
        },
        "requests": {
            "hashes": [
                "sha256:11e007a8a2aa0323f5a921e9e6a2d7e4e67d9877e85773fba9ba6419025cbeb4",
                "sha256:9cf5292fcd0f598c671cfc1e0d7d1a7f13bb8085e9a590f48c010551dc6c4b31"
            ],
            "index": "pypi",
            "version": "==2.22.0"
        },
        "six": {
            "hashes": [
                "sha256:3350809f0555b11f552448330d0b52d5f24c91a322ea4a15ef22629740f3761c",
                "sha256:d16a0141ec1a18405cd4ce8b4613101da75da0e9a7aec5bdd4fa804d0e0eba73"
            ],
            "version": "==1.12.0"
        },
        "toml": {
            "hashes": [
                "sha256:229f81c57791a41d65e399fc06bf0848bab550a9dfd5ed66df18ce5f05e73d5c",
                "sha256:235682dd292d5899d361a811df37e04a8828a5b1da3115886b73cf81ebc9100e"
            ],
            "index": "pypi",
            "version": "==0.10.0"
        },
        "urllib3": {
            "hashes": [
                "sha256:3de946ffbed6e6746608990594d08faac602528ac7015ac28d33cee6a45b7398",
                "sha256:9a107b99a5393caf59c7aa3c1249c16e6879447533d0887f4336dde834c7be86"
            ],
            "version": "==1.25.6"
        },
        "win10toast": {
            "hashes": [
                "sha256:44e5afa1001de88a0ee533872231521fa67c7d144f39974089af242d9c4620a4"
            ],
            "index": "pypi",
            "markers": "sys_platform == 'win32'",
            "version": "==0.9"
        }
    },
    "develop": {}
}
